// !$*UTF8*$!
{
	archiveVersion = 1;
	classes = {
	};
	objectVersion = 46;
	objects = {

/* Begin PBXBuildFile section */
		6A2744D11D60D94600648092 /* Matter.swift in Sources */ = {isa = PBXBuildFile; fileRef = 6A2744D01D60D94600648092 /* Matter.swift */; };
		6A2744D31D60DB0900648092 /* Client.swift in Sources */ = {isa = PBXBuildFile; fileRef = 6A2744D21D60DB0900648092 /* Client.swift */; };
		6A2744D51D60E51E00648092 /* User.swift in Sources */ = {isa = PBXBuildFile; fileRef = 6A2744D41D60E51E00648092 /* User.swift */; };
		6A373F2D1D5C0886000F6EE2 /* AppDelegate.swift in Sources */ = {isa = PBXBuildFile; fileRef = 6A373F2C1D5C0886000F6EE2 /* AppDelegate.swift */; };
		6A373F321D5C0886000F6EE2 /* Main.storyboard in Resources */ = {isa = PBXBuildFile; fileRef = 6A373F301D5C0886000F6EE2 /* Main.storyboard */; };
		6A373F341D5C0886000F6EE2 /* Assets.xcassets in Resources */ = {isa = PBXBuildFile; fileRef = 6A373F331D5C0886000F6EE2 /* Assets.xcassets */; };
		6A373F371D5C0886000F6EE2 /* LaunchScreen.storyboard in Resources */ = {isa = PBXBuildFile; fileRef = 6A373F351D5C0886000F6EE2 /* LaunchScreen.storyboard */; };
		6A373F421D5C0886000F6EE2 /* BillablesTests.swift in Sources */ = {isa = PBXBuildFile; fileRef = 6A373F411D5C0886000F6EE2 /* BillablesTests.swift */; };
		6A7CB4711D6CE4D6009B7049 /* ChartViewController.swift in Sources */ = {isa = PBXBuildFile; fileRef = 6A7CB4701D6CE4D6009B7049 /* ChartViewController.swift */; };
		6AB8D0EB1D68E6EC0039FA25 /* TimerSingleton.swift in Sources */ = {isa = PBXBuildFile; fileRef = 6AB8D0EA1D68E6EC0039FA25 /* TimerSingleton.swift */; };
		6ADBA5611D63817000482BB2 /* ClientTableViewCell.swift in Sources */ = {isa = PBXBuildFile; fileRef = 6ADBA5601D63817000482BB2 /* ClientTableViewCell.swift */; };
		6ADBA5631D63818B00482BB2 /* MatterTableViewCell.swift in Sources */ = {isa = PBXBuildFile; fileRef = 6ADBA5621D63818B00482BB2 /* MatterTableViewCell.swift */; };
		6ADBA5651D6382FA00482BB2 /* MatterDetailViewController.swift in Sources */ = {isa = PBXBuildFile; fileRef = 6ADBA5641D6382FA00482BB2 /* MatterDetailViewController.swift */; };
		6ADBA5671D6383BC00482BB2 /* ClientTableViewController.swift in Sources */ = {isa = PBXBuildFile; fileRef = 6ADBA5661D6383BC00482BB2 /* ClientTableViewController.swift */; };
		6ADBA5691D63841000482BB2 /* MatterTableViewController.swift in Sources */ = {isa = PBXBuildFile; fileRef = 6ADBA5681D63841000482BB2 /* MatterTableViewController.swift */; };
		6ADBA56B1D63977400482BB2 /* SettingsViewController.swift in Sources */ = {isa = PBXBuildFile; fileRef = 6ADBA56A1D63977400482BB2 /* SettingsViewController.swift */; };
		6ADBA56D1D639F1C00482BB2 /* AddClientViewController.swift in Sources */ = {isa = PBXBuildFile; fileRef = 6ADBA56C1D639F1C00482BB2 /* AddClientViewController.swift */; };
		6D96459D4529BD88A9194EAE /* Pods_Billables.framework in Frameworks */ = {isa = PBXBuildFile; fileRef = 06D7AB12FC161C3B4838C4A8 /* Pods_Billables.framework */; };
		763669F58967E7D16B6A2367 /* Pods_BillablesTests.framework in Frameworks */ = {isa = PBXBuildFile; fileRef = 6AF95607BDB457CC10514E53 /* Pods_BillablesTests.framework */; };
/* End PBXBuildFile section */

/* Begin PBXContainerItemProxy section */
		6A373F3E1D5C0886000F6EE2 /* PBXContainerItemProxy */ = {
			isa = PBXContainerItemProxy;
			containerPortal = 6A373F211D5C0886000F6EE2 /* Project object */;
			proxyType = 1;
			remoteGlobalIDString = 6A373F281D5C0886000F6EE2;
			remoteInfo = Billables;
		};
/* End PBXContainerItemProxy section */

/* Begin PBXFileReference section */
		06D7AB12FC161C3B4838C4A8 /* Pods_Billables.framework */ = {isa = PBXFileReference; explicitFileType = wrapper.framework; includeInIndex = 0; path = Pods_Billables.framework; sourceTree = BUILT_PRODUCTS_DIR; };
		0B14990968F07ED9307CCD26 /* Pods-Billables.release.xcconfig */ = {isa = PBXFileReference; includeInIndex = 1; lastKnownFileType = text.xcconfig; name = "Pods-Billables.release.xcconfig"; path = "Pods/Target Support Files/Pods-Billables/Pods-Billables.release.xcconfig"; sourceTree = "<group>"; };
		2ADFE6F770D2699922D3BB6C /* Pods-BillablesTests.debug.xcconfig */ = {isa = PBXFileReference; includeInIndex = 1; lastKnownFileType = text.xcconfig; name = "Pods-BillablesTests.debug.xcconfig"; path = "Pods/Target Support Files/Pods-BillablesTests/Pods-BillablesTests.debug.xcconfig"; sourceTree = "<group>"; };
		3CFCC6647608ECDF0FC5C344 /* Pods-Billables.debug.xcconfig */ = {isa = PBXFileReference; includeInIndex = 1; lastKnownFileType = text.xcconfig; name = "Pods-Billables.debug.xcconfig"; path = "Pods/Target Support Files/Pods-Billables/Pods-Billables.debug.xcconfig"; sourceTree = "<group>"; };
		6A2744D01D60D94600648092 /* Matter.swift */ = {isa = PBXFileReference; fileEncoding = 4; lastKnownFileType = sourcecode.swift; path = Matter.swift; sourceTree = "<group>"; };
		6A2744D21D60DB0900648092 /* Client.swift */ = {isa = PBXFileReference; fileEncoding = 4; lastKnownFileType = sourcecode.swift; path = Client.swift; sourceTree = "<group>"; };
		6A2744D41D60E51E00648092 /* User.swift */ = {isa = PBXFileReference; fileEncoding = 4; lastKnownFileType = sourcecode.swift; path = User.swift; sourceTree = "<group>"; };
		6A373F291D5C0886000F6EE2 /* Billables.app */ = {isa = PBXFileReference; explicitFileType = wrapper.application; includeInIndex = 0; path = Billables.app; sourceTree = BUILT_PRODUCTS_DIR; };
		6A373F2C1D5C0886000F6EE2 /* AppDelegate.swift */ = {isa = PBXFileReference; lastKnownFileType = sourcecode.swift; path = AppDelegate.swift; sourceTree = "<group>"; };
		6A373F311D5C0886000F6EE2 /* Base */ = {isa = PBXFileReference; lastKnownFileType = file.storyboard; name = Base; path = Base.lproj/Main.storyboard; sourceTree = "<group>"; };
		6A373F331D5C0886000F6EE2 /* Assets.xcassets */ = {isa = PBXFileReference; lastKnownFileType = folder.assetcatalog; path = Assets.xcassets; sourceTree = "<group>"; };
		6A373F361D5C0886000F6EE2 /* Base */ = {isa = PBXFileReference; lastKnownFileType = file.storyboard; name = Base; path = Base.lproj/LaunchScreen.storyboard; sourceTree = "<group>"; };
		6A373F381D5C0886000F6EE2 /* Info.plist */ = {isa = PBXFileReference; lastKnownFileType = text.plist.xml; path = Info.plist; sourceTree = "<group>"; };
		6A373F3D1D5C0886000F6EE2 /* BillablesTests.xctest */ = {isa = PBXFileReference; explicitFileType = wrapper.cfbundle; includeInIndex = 0; path = BillablesTests.xctest; sourceTree = BUILT_PRODUCTS_DIR; };
		6A373F411D5C0886000F6EE2 /* BillablesTests.swift */ = {isa = PBXFileReference; lastKnownFileType = sourcecode.swift; path = BillablesTests.swift; sourceTree = "<group>"; };
		6A373F431D5C0886000F6EE2 /* Info.plist */ = {isa = PBXFileReference; lastKnownFileType = text.plist.xml; path = Info.plist; sourceTree = "<group>"; };
		6A7CB4701D6CE4D6009B7049 /* ChartViewController.swift */ = {isa = PBXFileReference; fileEncoding = 4; lastKnownFileType = sourcecode.swift; path = ChartViewController.swift; sourceTree = "<group>"; };
		6AB8D0EA1D68E6EC0039FA25 /* TimerSingleton.swift */ = {isa = PBXFileReference; fileEncoding = 4; lastKnownFileType = sourcecode.swift; path = TimerSingleton.swift; sourceTree = "<group>"; };
		6ADBA5601D63817000482BB2 /* ClientTableViewCell.swift */ = {isa = PBXFileReference; fileEncoding = 4; lastKnownFileType = sourcecode.swift; path = ClientTableViewCell.swift; sourceTree = "<group>"; };
		6ADBA5621D63818B00482BB2 /* MatterTableViewCell.swift */ = {isa = PBXFileReference; fileEncoding = 4; lastKnownFileType = sourcecode.swift; path = MatterTableViewCell.swift; sourceTree = "<group>"; };
		6ADBA5641D6382FA00482BB2 /* MatterDetailViewController.swift */ = {isa = PBXFileReference; fileEncoding = 4; lastKnownFileType = sourcecode.swift; path = MatterDetailViewController.swift; sourceTree = "<group>"; };
		6ADBA5661D6383BC00482BB2 /* ClientTableViewController.swift */ = {isa = PBXFileReference; fileEncoding = 4; lastKnownFileType = sourcecode.swift; path = ClientTableViewController.swift; sourceTree = "<group>"; };
		6ADBA5681D63841000482BB2 /* MatterTableViewController.swift */ = {isa = PBXFileReference; fileEncoding = 4; lastKnownFileType = sourcecode.swift; path = MatterTableViewController.swift; sourceTree = "<group>"; };
		6ADBA56A1D63977400482BB2 /* SettingsViewController.swift */ = {isa = PBXFileReference; fileEncoding = 4; lastKnownFileType = sourcecode.swift; path = SettingsViewController.swift; sourceTree = "<group>"; };
		6ADBA56C1D639F1C00482BB2 /* AddClientViewController.swift */ = {isa = PBXFileReference; fileEncoding = 4; lastKnownFileType = sourcecode.swift; path = AddClientViewController.swift; sourceTree = "<group>"; };
		6AF95607BDB457CC10514E53 /* Pods_BillablesTests.framework */ = {isa = PBXFileReference; explicitFileType = wrapper.framework; includeInIndex = 0; path = Pods_BillablesTests.framework; sourceTree = BUILT_PRODUCTS_DIR; };
		94BBBF15B1CB730D1BAE0150 /* Pods-BillablesTests.release.xcconfig */ = {isa = PBXFileReference; includeInIndex = 1; lastKnownFileType = text.xcconfig; name = "Pods-BillablesTests.release.xcconfig"; path = "Pods/Target Support Files/Pods-BillablesTests/Pods-BillablesTests.release.xcconfig"; sourceTree = "<group>"; };
/* End PBXFileReference section */

/* Begin PBXFrameworksBuildPhase section */
		6A373F261D5C0886000F6EE2 /* Frameworks */ = {
			isa = PBXFrameworksBuildPhase;
			buildActionMask = 2147483647;
			files = (
				6D96459D4529BD88A9194EAE /* Pods_Billables.framework in Frameworks */,
			);
			runOnlyForDeploymentPostprocessing = 0;
		};
		6A373F3A1D5C0886000F6EE2 /* Frameworks */ = {
			isa = PBXFrameworksBuildPhase;
			buildActionMask = 2147483647;
			files = (
				763669F58967E7D16B6A2367 /* Pods_BillablesTests.framework in Frameworks */,
			);
			runOnlyForDeploymentPostprocessing = 0;
		};
/* End PBXFrameworksBuildPhase section */

/* Begin PBXGroup section */
		6A373F201D5C0886000F6EE2 = {
			isa = PBXGroup;
			children = (
				6A373F2B1D5C0886000F6EE2 /* Billables */,
				6A373F401D5C0886000F6EE2 /* BillablesTests */,
				6A373F2A1D5C0886000F6EE2 /* Products */,
				EA3083C716809F2AB4B4A716 /* Pods */,
				9BDFFD857F9588623DA71CF1 /* Frameworks */,
			);
			sourceTree = "<group>";
		};
		6A373F2A1D5C0886000F6EE2 /* Products */ = {
			isa = PBXGroup;
			children = (
				6A373F291D5C0886000F6EE2 /* Billables.app */,
				6A373F3D1D5C0886000F6EE2 /* BillablesTests.xctest */,
			);
			name = Products;
			sourceTree = "<group>";
		};
		6A373F2B1D5C0886000F6EE2 /* Billables */ = {
			isa = PBXGroup;
			children = (
				6A373F2C1D5C0886000F6EE2 /* AppDelegate.swift */,
				6A373F301D5C0886000F6EE2 /* Main.storyboard */,
				6ADBA56C1D639F1C00482BB2 /* AddClientViewController.swift */,
				6ADBA56A1D63977400482BB2 /* SettingsViewController.swift */,
				6ADBA5661D6383BC00482BB2 /* ClientTableViewController.swift */,
				6A7CB4701D6CE4D6009B7049 /* ChartViewController.swift */,
				6ADBA5681D63841000482BB2 /* MatterTableViewController.swift */,
				6ADBA5601D63817000482BB2 /* ClientTableViewCell.swift */,
				6AB8D0EA1D68E6EC0039FA25 /* TimerSingleton.swift */,
				6ADBA5621D63818B00482BB2 /* MatterTableViewCell.swift */,
				6ADBA5641D6382FA00482BB2 /* MatterDetailViewController.swift */,
				6A373F331D5C0886000F6EE2 /* Assets.xcassets */,
				6A373F351D5C0886000F6EE2 /* LaunchScreen.storyboard */,
				6A373F381D5C0886000F6EE2 /* Info.plist */,
				6A2744D01D60D94600648092 /* Matter.swift */,
				6A2744D41D60E51E00648092 /* User.swift */,
				6A2744D21D60DB0900648092 /* Client.swift */,
			);
			path = Billables;
			sourceTree = "<group>";
		};
		6A373F401D5C0886000F6EE2 /* BillablesTests */ = {
			isa = PBXGroup;
			children = (
				6A373F411D5C0886000F6EE2 /* BillablesTests.swift */,
				6A373F431D5C0886000F6EE2 /* Info.plist */,
			);
			path = BillablesTests;
			sourceTree = "<group>";
		};
		9BDFFD857F9588623DA71CF1 /* Frameworks */ = {
			isa = PBXGroup;
			children = (
				06D7AB12FC161C3B4838C4A8 /* Pods_Billables.framework */,
				6AF95607BDB457CC10514E53 /* Pods_BillablesTests.framework */,
			);
			name = Frameworks;
			sourceTree = "<group>";
		};
		EA3083C716809F2AB4B4A716 /* Pods */ = {
			isa = PBXGroup;
			children = (
				3CFCC6647608ECDF0FC5C344 /* Pods-Billables.debug.xcconfig */,
				0B14990968F07ED9307CCD26 /* Pods-Billables.release.xcconfig */,
				2ADFE6F770D2699922D3BB6C /* Pods-BillablesTests.debug.xcconfig */,
				94BBBF15B1CB730D1BAE0150 /* Pods-BillablesTests.release.xcconfig */,
			);
			name = Pods;
			sourceTree = "<group>";
		};
/* End PBXGroup section */

/* Begin PBXNativeTarget section */
		6A373F281D5C0886000F6EE2 /* Billables */ = {
			isa = PBXNativeTarget;
			buildConfigurationList = 6A373F461D5C0886000F6EE2 /* Build configuration list for PBXNativeTarget "Billables" */;
			buildPhases = (
				8A09C4A5F9FE8A42504C772F /* [CP] Check Pods Manifest.lock */,
				6A373F251D5C0886000F6EE2 /* Sources */,
				6A373F261D5C0886000F6EE2 /* Frameworks */,
				6A373F271D5C0886000F6EE2 /* Resources */,
				F18BB679BA1A324368FAE1DA /* [CP] Embed Pods Frameworks */,
				D222E23F41F352ECEBC04E24 /* [CP] Copy Pods Resources */,
			);
			buildRules = (
			);
			dependencies = (
			);
			name = Billables;
			productName = Billables;
			productReference = 6A373F291D5C0886000F6EE2 /* Billables.app */;
			productType = "com.apple.product-type.application";
		};
		6A373F3C1D5C0886000F6EE2 /* BillablesTests */ = {
			isa = PBXNativeTarget;
			buildConfigurationList = 6A373F491D5C0886000F6EE2 /* Build configuration list for PBXNativeTarget "BillablesTests" */;
			buildPhases = (
				8067305A381D5D654FF8260D /* [CP] Check Pods Manifest.lock */,
				6A373F391D5C0886000F6EE2 /* Sources */,
				6A373F3A1D5C0886000F6EE2 /* Frameworks */,
				6A373F3B1D5C0886000F6EE2 /* Resources */,
				29C2431782FD303E2001F0F4 /* [CP] Embed Pods Frameworks */,
				76619A1DD6CCEA85EE5B7644 /* [CP] Copy Pods Resources */,
			);
			buildRules = (
			);
			dependencies = (
				6A373F3F1D5C0886000F6EE2 /* PBXTargetDependency */,
			);
			name = BillablesTests;
			productName = BillablesTests;
			productReference = 6A373F3D1D5C0886000F6EE2 /* BillablesTests.xctest */;
			productType = "com.apple.product-type.bundle.unit-test";
		};
/* End PBXNativeTarget section */

/* Begin PBXProject section */
		6A373F211D5C0886000F6EE2 /* Project object */ = {
			isa = PBXProject;
			attributes = {
				LastSwiftUpdateCheck = 0730;
				LastUpgradeCheck = 0730;
				ORGANIZATIONNAME = "Theodore Prekop";
				TargetAttributes = {
					6A373F281D5C0886000F6EE2 = {
						CreatedOnToolsVersion = 7.3.1;
						DevelopmentTeam = 5278499SM8;
					};
					6A373F3C1D5C0886000F6EE2 = {
						CreatedOnToolsVersion = 7.3.1;
						TestTargetID = 6A373F281D5C0886000F6EE2;
					};
				};
			};
			buildConfigurationList = 6A373F241D5C0886000F6EE2 /* Build configuration list for PBXProject "Billables" */;
			compatibilityVersion = "Xcode 3.2";
			developmentRegion = English;
			hasScannedForEncodings = 0;
			knownRegions = (
				en,
				Base,
			);
			mainGroup = 6A373F201D5C0886000F6EE2;
			productRefGroup = 6A373F2A1D5C0886000F6EE2 /* Products */;
			projectDirPath = "";
			projectRoot = "";
			targets = (
				6A373F281D5C0886000F6EE2 /* Billables */,
				6A373F3C1D5C0886000F6EE2 /* BillablesTests */,
			);
		};
/* End PBXProject section */

/* Begin PBXResourcesBuildPhase section */
		6A373F271D5C0886000F6EE2 /* Resources */ = {
			isa = PBXResourcesBuildPhase;
			buildActionMask = 2147483647;
			files = (
				6A373F371D5C0886000F6EE2 /* LaunchScreen.storyboard in Resources */,
				6A373F341D5C0886000F6EE2 /* Assets.xcassets in Resources */,
				6A373F321D5C0886000F6EE2 /* Main.storyboard in Resources */,
			);
			runOnlyForDeploymentPostprocessing = 0;
		};
		6A373F3B1D5C0886000F6EE2 /* Resources */ = {
			isa = PBXResourcesBuildPhase;
			buildActionMask = 2147483647;
			files = (
			);
			runOnlyForDeploymentPostprocessing = 0;
		};
/* End PBXResourcesBuildPhase section */

/* Begin PBXShellScriptBuildPhase section */
		29C2431782FD303E2001F0F4 /* [CP] Embed Pods Frameworks */ = {
			isa = PBXShellScriptBuildPhase;
			buildActionMask = 2147483647;
			files = (
			);
			inputPaths = (
			);
			name = "[CP] Embed Pods Frameworks";
			outputPaths = (
			);
			runOnlyForDeploymentPostprocessing = 0;
			shellPath = /bin/sh;
			shellScript = "\"${SRCROOT}/Pods/Target Support Files/Pods-BillablesTests/Pods-BillablesTests-frameworks.sh\"\n";
			showEnvVarsInLog = 0;
		};
		76619A1DD6CCEA85EE5B7644 /* [CP] Copy Pods Resources */ = {
			isa = PBXShellScriptBuildPhase;
			buildActionMask = 2147483647;
			files = (
			);
			inputPaths = (
			);
			name = "[CP] Copy Pods Resources";
			outputPaths = (
			);
			runOnlyForDeploymentPostprocessing = 0;
			shellPath = /bin/sh;
			shellScript = "\"${SRCROOT}/Pods/Target Support Files/Pods-BillablesTests/Pods-BillablesTests-resources.sh\"\n";
			showEnvVarsInLog = 0;
		};
		8067305A381D5D654FF8260D /* [CP] Check Pods Manifest.lock */ = {
			isa = PBXShellScriptBuildPhase;
			buildActionMask = 2147483647;
			files = (
			);
			inputPaths = (
			);
			name = "[CP] Check Pods Manifest.lock";
			outputPaths = (
			);
			runOnlyForDeploymentPostprocessing = 0;
			shellPath = /bin/sh;
			shellScript = "diff \"${PODS_ROOT}/../Podfile.lock\" \"${PODS_ROOT}/Manifest.lock\" > /dev/null\nif [[ $? != 0 ]] ; then\n    cat << EOM\nerror: The sandbox is not in sync with the Podfile.lock. Run 'pod install' or update your CocoaPods installation.\nEOM\n    exit 1\nfi\n";
			showEnvVarsInLog = 0;
		};
		8A09C4A5F9FE8A42504C772F /* [CP] Check Pods Manifest.lock */ = {
			isa = PBXShellScriptBuildPhase;
			buildActionMask = 2147483647;
			files = (
			);
			inputPaths = (
			);
			name = "[CP] Check Pods Manifest.lock";
			outputPaths = (
			);
			runOnlyForDeploymentPostprocessing = 0;
			shellPath = /bin/sh;
			shellScript = "diff \"${PODS_ROOT}/../Podfile.lock\" \"${PODS_ROOT}/Manifest.lock\" > /dev/null\nif [[ $? != 0 ]] ; then\n    cat << EOM\nerror: The sandbox is not in sync with the Podfile.lock. Run 'pod install' or update your CocoaPods installation.\nEOM\n    exit 1\nfi\n";
			showEnvVarsInLog = 0;
		};
		D222E23F41F352ECEBC04E24 /* [CP] Copy Pods Resources */ = {
			isa = PBXShellScriptBuildPhase;
			buildActionMask = 2147483647;
			files = (
			);
			inputPaths = (
			);
			name = "[CP] Copy Pods Resources";
			outputPaths = (
			);
			runOnlyForDeploymentPostprocessing = 0;
			shellPath = /bin/sh;
			shellScript = "\"${SRCROOT}/Pods/Target Support Files/Pods-Billables/Pods-Billables-resources.sh\"\n";
			showEnvVarsInLog = 0;
		};
		F18BB679BA1A324368FAE1DA /* [CP] Embed Pods Frameworks */ = {
			isa = PBXShellScriptBuildPhase;
			buildActionMask = 2147483647;
			files = (
			);
			inputPaths = (
			);
			name = "[CP] Embed Pods Frameworks";
			outputPaths = (
			);
			runOnlyForDeploymentPostprocessing = 0;
			shellPath = /bin/sh;
			shellScript = "\"${SRCROOT}/Pods/Target Support Files/Pods-Billables/Pods-Billables-frameworks.sh\"\n";
			showEnvVarsInLog = 0;
		};
/* End PBXShellScriptBuildPhase section */

/* Begin PBXSourcesBuildPhase section */
		6A373F251D5C0886000F6EE2 /* Sources */ = {
			isa = PBXSourcesBuildPhase;
			buildActionMask = 2147483647;
			files = (
				6A2744D11D60D94600648092 /* Matter.swift in Sources */,
				6ADBA56B1D63977400482BB2 /* SettingsViewController.swift in Sources */,
				6ADBA5611D63817000482BB2 /* ClientTableViewCell.swift in Sources */,
				6A2744D31D60DB0900648092 /* Client.swift in Sources */,
				6A7CB4711D6CE4D6009B7049 /* ChartViewController.swift in Sources */,
				6ADBA5651D6382FA00482BB2 /* MatterDetailViewController.swift in Sources */,
				6ADBA5631D63818B00482BB2 /* MatterTableViewCell.swift in Sources */,
				6A2744D51D60E51E00648092 /* User.swift in Sources */,
				6AB8D0EB1D68E6EC0039FA25 /* TimerSingleton.swift in Sources */,
				6A373F2D1D5C0886000F6EE2 /* AppDelegate.swift in Sources */,
				6ADBA5691D63841000482BB2 /* MatterTableViewController.swift in Sources */,
				6ADBA5671D6383BC00482BB2 /* ClientTableViewController.swift in Sources */,
				6ADBA56D1D639F1C00482BB2 /* AddClientViewController.swift in Sources */,
			);
			runOnlyForDeploymentPostprocessing = 0;
		};
		6A373F391D5C0886000F6EE2 /* Sources */ = {
			isa = PBXSourcesBuildPhase;
			buildActionMask = 2147483647;
			files = (
				6A373F421D5C0886000F6EE2 /* BillablesTests.swift in Sources */,
			);
			runOnlyForDeploymentPostprocessing = 0;
		};
/* End PBXSourcesBuildPhase section */

/* Begin PBXTargetDependency section */
		6A373F3F1D5C0886000F6EE2 /* PBXTargetDependency */ = {
			isa = PBXTargetDependency;
			target = 6A373F281D5C0886000F6EE2 /* Billables */;
			targetProxy = 6A373F3E1D5C0886000F6EE2 /* PBXContainerItemProxy */;
		};
/* End PBXTargetDependency section */

/* Begin PBXVariantGroup section */
		6A373F301D5C0886000F6EE2 /* Main.storyboard */ = {
			isa = PBXVariantGroup;
			children = (
				6A373F311D5C0886000F6EE2 /* Base */,
			);
			name = Main.storyboard;
			sourceTree = "<group>";
		};
		6A373F351D5C0886000F6EE2 /* LaunchScreen.storyboard */ = {
			isa = PBXVariantGroup;
			children = (
				6A373F361D5C0886000F6EE2 /* Base */,
			);
			name = LaunchScreen.storyboard;
			sourceTree = "<group>";
		};
/* End PBXVariantGroup section */

/* Begin XCBuildConfiguration section */
		6A373F441D5C0886000F6EE2 /* Debug */ = {
			isa = XCBuildConfiguration;
			buildSettings = {
				ALWAYS_SEARCH_USER_PATHS = NO;
				CLANG_ANALYZER_NONNULL = YES;
				CLANG_CXX_LANGUAGE_STANDARD = "gnu++0x";
				CLANG_CXX_LIBRARY = "libc++";
				CLANG_ENABLE_MODULES = YES;
				CLANG_ENABLE_OBJC_ARC = YES;
				CLANG_WARN_BOOL_CONVERSION = YES;
				CLANG_WARN_CONSTANT_CONVERSION = YES;
				CLANG_WARN_DIRECT_OBJC_ISA_USAGE = YES_ERROR;
				CLANG_WARN_EMPTY_BODY = YES;
				CLANG_WARN_ENUM_CONVERSION = YES;
				CLANG_WARN_INT_CONVERSION = YES;
				CLANG_WARN_OBJC_ROOT_CLASS = YES_ERROR;
				CLANG_WARN_UNREACHABLE_CODE = YES;
				CLANG_WARN__DUPLICATE_METHOD_MATCH = YES;
				"CODE_SIGN_IDENTITY[sdk=iphoneos*]" = "iPhone Developer";
				COPY_PHASE_STRIP = NO;
				DEBUG_INFORMATION_FORMAT = dwarf;
				ENABLE_STRICT_OBJC_MSGSEND = YES;
				ENABLE_TESTABILITY = YES;
				GCC_C_LANGUAGE_STANDARD = gnu99;
				GCC_DYNAMIC_NO_PIC = NO;
				GCC_NO_COMMON_BLOCKS = YES;
				GCC_OPTIMIZATION_LEVEL = 0;
				GCC_PREPROCESSOR_DEFINITIONS = (
					"DEBUG=1",
					"$(inherited)",
				);
				GCC_WARN_64_TO_32_BIT_CONVERSION = YES;
				GCC_WARN_ABOUT_RETURN_TYPE = YES_ERROR;
				GCC_WARN_UNDECLARED_SELECTOR = YES;
				GCC_WARN_UNINITIALIZED_AUTOS = YES_AGGRESSIVE;
				GCC_WARN_UNUSED_FUNCTION = YES;
				GCC_WARN_UNUSED_VARIABLE = YES;
				IPHONEOS_DEPLOYMENT_TARGET = 9.3;
				MTL_ENABLE_DEBUG_INFO = YES;
				ONLY_ACTIVE_ARCH = YES;
				SDKROOT = iphoneos;
				SWIFT_OPTIMIZATION_LEVEL = "-Onone";
				TARGETED_DEVICE_FAMILY = "1,2";
			};
			name = Debug;
		};
		6A373F451D5C0886000F6EE2 /* Release */ = {
			isa = XCBuildConfiguration;
			buildSettings = {
				ALWAYS_SEARCH_USER_PATHS = NO;
				CLANG_ANALYZER_NONNULL = YES;
				CLANG_CXX_LANGUAGE_STANDARD = "gnu++0x";
				CLANG_CXX_LIBRARY = "libc++";
				CLANG_ENABLE_MODULES = YES;
				CLANG_ENABLE_OBJC_ARC = YES;
				CLANG_WARN_BOOL_CONVERSION = YES;
				CLANG_WARN_CONSTANT_CONVERSION = YES;
				CLANG_WARN_DIRECT_OBJC_ISA_USAGE = YES_ERROR;
				CLANG_WARN_EMPTY_BODY = YES;
				CLANG_WARN_ENUM_CONVERSION = YES;
				CLANG_WARN_INT_CONVERSION = YES;
				CLANG_WARN_OBJC_ROOT_CLASS = YES_ERROR;
				CLANG_WARN_UNREACHABLE_CODE = YES;
				CLANG_WARN__DUPLICATE_METHOD_MATCH = YES;
				"CODE_SIGN_IDENTITY[sdk=iphoneos*]" = "iPhone Developer";
				COPY_PHASE_STRIP = NO;
				DEBUG_INFORMATION_FORMAT = "dwarf-with-dsym";
				ENABLE_NS_ASSERTIONS = NO;
				ENABLE_STRICT_OBJC_MSGSEND = YES;
				GCC_C_LANGUAGE_STANDARD = gnu99;
				GCC_NO_COMMON_BLOCKS = YES;
				GCC_WARN_64_TO_32_BIT_CONVERSION = YES;
				GCC_WARN_ABOUT_RETURN_TYPE = YES_ERROR;
				GCC_WARN_UNDECLARED_SELECTOR = YES;
				GCC_WARN_UNINITIALIZED_AUTOS = YES_AGGRESSIVE;
				GCC_WARN_UNUSED_FUNCTION = YES;
				GCC_WARN_UNUSED_VARIABLE = YES;
				IPHONEOS_DEPLOYMENT_TARGET = 9.3;
				MTL_ENABLE_DEBUG_INFO = NO;
				SDKROOT = iphoneos;
				TARGETED_DEVICE_FAMILY = "1,2";
				VALIDATE_PRODUCT = YES;
			};
			name = Release;
		};
		6A373F471D5C0886000F6EE2 /* Debug */ = {
			isa = XCBuildConfiguration;
			baseConfigurationReference = 3CFCC6647608ECDF0FC5C344 /* Pods-Billables.debug.xcconfig */;
			buildSettings = {
				ASSETCATALOG_COMPILER_APPICON_NAME = AppIcon;
				CODE_SIGN_IDENTITY = "iPhone Developer";
				"CODE_SIGN_IDENTITY[sdk=iphoneos*]" = "iPhone Developer";
				INFOPLIST_FILE = Billables/Info.plist;
				LD_RUNPATH_SEARCH_PATHS = "$(inherited) @executable_path/Frameworks";
				PRODUCT_BUNDLE_IDENTIFIER = edu.uchicago.tjp36.Billables;
				PRODUCT_NAME = "$(TARGET_NAME)";
				PROVISIONING_PROFILE = "";
			};
			name = Debug;
		};
		6A373F481D5C0886000F6EE2 /* Release */ = {
			isa = XCBuildConfiguration;
			baseConfigurationReference = 0B14990968F07ED9307CCD26 /* Pods-Billables.release.xcconfig */;
			buildSettings = {
				ASSETCATALOG_COMPILER_APPICON_NAME = AppIcon;
				CODE_SIGN_IDENTITY = "iPhone Developer";
				"CODE_SIGN_IDENTITY[sdk=iphoneos*]" = "iPhone Developer";
				INFOPLIST_FILE = Billables/Info.plist;
				LD_RUNPATH_SEARCH_PATHS = "$(inherited) @executable_path/Frameworks";
				PRODUCT_BUNDLE_IDENTIFIER = edu.uchicago.tjp36.Billables;
				PRODUCT_NAME = "$(TARGET_NAME)";
				PROVISIONING_PROFILE = "";
			};
			name = Release;
		};
		6A373F4A1D5C0886000F6EE2 /* Debug */ = {
			isa = XCBuildConfiguration;
			baseConfigurationReference = 2ADFE6F770D2699922D3BB6C /* Pods-BillablesTests.debug.xcconfig */;
			buildSettings = {
				BUNDLE_LOADER = "$(TEST_HOST)";
				INFOPLIST_FILE = BillablesTests/Info.plist;
				LD_RUNPATH_SEARCH_PATHS = "$(inherited) @executable_path/Frameworks @loader_path/Frameworks";
				PRODUCT_BUNDLE_IDENTIFIER = edu.uchicago.tjp36.BillablesTests;
				PRODUCT_NAME = "$(TARGET_NAME)";
				TEST_HOST = "$(BUILT_PRODUCTS_DIR)/Billables.app/Billables";
			};
			name = Debug;
		};
		6A373F4B1D5C0886000F6EE2 /* Release */ = {
			isa = XCBuildConfiguration;
			baseConfigurationReference = 94BBBF15B1CB730D1BAE0150 /* Pods-BillablesTests.release.xcconfig */;
			buildSettings = {
				BUNDLE_LOADER = "$(TEST_HOST)";
				INFOPLIST_FILE = BillablesTests/Info.plist;
				LD_RUNPATH_SEARCH_PATHS = "$(inherited) @executable_path/Frameworks @loader_path/Frameworks";
				PRODUCT_BUNDLE_IDENTIFIER = edu.uchicago.tjp36.BillablesTests;
				PRODUCT_NAME = "$(TARGET_NAME)";
				TEST_HOST = "$(BUILT_PRODUCTS_DIR)/Billables.app/Billables";
			};
			name = Release;
		};
/* End XCBuildConfiguration section */

/* Begin XCConfigurationList section */
		6A373F241D5C0886000F6EE2 /* Build configuration list for PBXProject "Billables" */ = {
			isa = XCConfigurationList;
			buildConfigurations = (
				6A373F441D5C0886000F6EE2 /* Debug */,
				6A373F451D5C0886000F6EE2 /* Release */,
			);
			defaultConfigurationIsVisible = 0;
			defaultConfigurationName = Release;
		};
		6A373F461D5C0886000F6EE2 /* Build configuration list for PBXNativeTarget "Billables" */ = {
			isa = XCConfigurationList;
			buildConfigurations = (
				6A373F471D5C0886000F6EE2 /* Debug */,
				6A373F481D5C0886000F6EE2 /* Release */,
			);
			defaultConfigurationIsVisible = 0;
			defaultConfigurationName = Release;
		};
		6A373F491D5C0886000F6EE2 /* Build configuration list for PBXNativeTarget "BillablesTests" */ = {
			isa = XCConfigurationList;
			buildConfigurations = (
				6A373F4A1D5C0886000F6EE2 /* Debug */,
				6A373F4B1D5C0886000F6EE2 /* Release */,
			);
			defaultConfigurationIsVisible = 0;
			defaultConfigurationName = Release;
		};
/* End XCConfigurationList section */
	};
	rootObject = 6A373F211D5C0886000F6EE2 /* Project object */;
}
